
Microsoft Visual Studio Solution File, Format Version 12.00
# Visual Studio Version 17
VisualStudioVersion = 17.13.35806.99 d17.13
MinimumVisualStudioVersion = 10.0.40219.1
Project("{FAE04EC0-301F-11D3-BF4B-00C04F79EFBC}") = "ProjectApp", "ProjectApp\ProjectApp.csproj", "{1AF77FF7-7277-4AE0-BA32-598E57B3D4C5}"
EndProject
Project("{FAE04EC0-301F-11D3-BF4B-00C04F79EFBC}") = "ProjectModel", "ProjectModel\ProjectModel.csproj", "{E297180E-4BA6-4D86-9AE6-944DD2241648}"
EndProject
Project("{FAE04EC0-301F-11D3-BF4B-00C04F79EFBC}") = "ProjectDAL", "ProjectDAL\ProjectDAL.csproj", "{845FF650-3870-4569-B321-8A177C215946}"
EndProject
Global
	GlobalSection(SolutionConfigurationPlatforms) = preSolution
		Debug|Any CPU = Debug|Any CPU
		Release|Any CPU = Release|Any CPU
	EndGlobalSection
	GlobalSection(ProjectConfigurationPlatforms) = postSolution
		{1AF77FF7-7277-4AE0-BA32-598E57B3D4C5}.Debug|Any CPU.ActiveCfg = Debug|Any CPU
		{1AF77FF7-7277-4AE0-BA32-598E57B3D4C5}.Debug|Any CPU.Build.0 = Debug|Any CPU
		{1AF77FF7-7277-4AE0-BA32-598E57B3D4C5}.Release|Any CPU.ActiveCfg = Release|Any CPU
		{1AF77FF7-7277-4AE0-BA32-598E57B3D4C5}.Release|Any CPU.Build.0 = Release|Any CPU
		{E297180E-4BA6-4D86-9AE6-944DD2241648}.Debug|Any CPU.ActiveCfg = Debug|Any CPU
		{E297180E-4BA6-4D86-9AE6-944DD2241648}.Debug|Any CPU.Build.0 = Debug|Any CPU
		{E297180E-4BA6-4D86-9AE6-944DD2241648}.Release|Any CPU.ActiveCfg = Release|Any CPU
		{E297180E-4BA6-4D86-9AE6-944DD2241648}.Release|Any CPU.Build.0 = Release|Any CPU
		{845FF650-3870-4569-B321-8A177C215946}.Debug|Any CPU.ActiveCfg = Debug|Any CPU
		{845FF650-3870-4569-B321-8A177C215946}.Debug|Any CPU.Build.0 = Debug|Any CPU
		{845FF650-3870-4569-B321-8A177C215946}.Release|Any CPU.ActiveCfg = Release|Any CPU
		{845FF650-3870-4569-B321-8A177C215946}.Release|Any CPU.Build.0 = Release|Any CPU
	EndGlobalSection
	GlobalSection(SolutionProperties) = preSolution
		HideSolutionNode = FALSE
	EndGlobalSection
	GlobalSection(ExtensibilityGlobals) = postSolution
		SolutionGuid = {85215CBA-9E34-4097-8C93-244E2A615A33}
	EndGlobalSection
EndGlobal
